
Microsoft Visual Studio Solution File, Format Version 12.00
# Visual Studio 15
VisualStudioVersion = 15.0.28307.1022
MinimumVisualStudioVersion = 10.0.40219.1
Project("{FAE04EC0-301F-11D3-BF4B-00C04F79EFBC}") = "LojaVirtual", "LojaVirtual\LojaVirtual.csproj", "{6FB01ACD-50E7-4D8A-BD8E-7F8A186CDB79}"
EndProject
Global
	GlobalSection(SolutionConfigurationPlatforms) = preSolution
		Debug|Any CPU = Debug|Any CPU
		Release|Any CPU = Release|Any CPU
	EndGlobalSection
	GlobalSection(ProjectConfigurationPlatforms) = postSolution
		{6FB01ACD-50E7-4D8A-BD8E-7F8A186CDB79}.Debug|Any CPU.ActiveCfg = Debug|Any CPU
		{6FB01ACD-50E7-4D8A-BD8E-7F8A186CDB79}.Debug|Any CPU.Build.0 = Debug|Any CPU
		{6FB01ACD-50E7-4D8A-BD8E-7F8A186CDB79}.Release|Any CPU.ActiveCfg = Release|Any CPU
		{6FB01ACD-50E7-4D8A-BD8E-7F8A186CDB79}.Release|Any CPU.Build.0 = Release|Any CPU
	EndGlobalSection
	GlobalSection(SolutionProperties) = preSolution
		HideSolutionNode = FALSE
	EndGlobalSection
	GlobalSection(ExtensibilityGlobals) = postSolution
		SolutionGuid = {59446BCF-D8AA-4C72-B1CC-C5552B360017}
	EndGlobalSection
EndGlobal
